
Microsoft Visual Studio Solution File, Format Version 12.00
# Visual Studio Version 17
VisualStudioVersion = 17.5.33627.172
MinimumVisualStudioVersion = 10.0.40219.1
Project("{FAE04EC0-301F-11D3-BF4B-00C04F79EFBC}") = "ChatOverlay", "ChatOverlay\ChatOverlay.csproj", "{AF15F95C-A6B6-4039-B6BA-AE90C86B5998}"
EndProject
Global
	GlobalSection(SolutionConfigurationPlatforms) = preSolution
		Debug|Any CPU = Debug|Any CPU
		Release|Any CPU = Release|Any CPU
	EndGlobalSection
	GlobalSection(ProjectConfigurationPlatforms) = postSolution
		{AF15F95C-A6B6-4039-B6BA-AE90C86B5998}.Debug|Any CPU.ActiveCfg = Debug|Any CPU
		{AF15F95C-A6B6-4039-B6BA-AE90C86B5998}.Debug|Any CPU.Build.0 = Debug|Any CPU
		{AF15F95C-A6B6-4039-B6BA-AE90C86B5998}.Release|Any CPU.ActiveCfg = Release|Any CPU
		{AF15F95C-A6B6-4039-B6BA-AE90C86B5998}.Release|Any CPU.Build.0 = Release|Any CPU
	EndGlobalSection
	GlobalSection(SolutionProperties) = preSolution
		HideSolutionNode = FALSE
	EndGlobalSection
	GlobalSection(ExtensibilityGlobals) = postSolution
		SolutionGuid = {7356DB25-6AF2-4075-9F48-50FAAAF9FF6B}
	EndGlobalSection
EndGlobal
